
Microsoft Visual Studio Solution File, Format Version 12.00
# Visual Studio 15
VisualStudioVersion = 15.0.28010.2048
MinimumVisualStudioVersion = 10.0.40219.1
Project("{FAE04EC0-301F-11D3-BF4B-00C04F79EFBC}") = "Ex33_LinkedList", "Ex33_LinkedList\Ex33_LinkedList.csproj", "{45C54D4F-FD7A-4FCE-8F61-08E81D27AADA}"
EndProject
Project("{FAE04EC0-301F-11D3-BF4B-00C04F79EFBC}") = "ADT", "ADT\ADT.csproj", "{11593F97-A937-43D0-9B0B-2B59656C1CD1}"
EndProject
Project("{FAE04EC0-301F-11D3-BF4B-00C04F79EFBC}") = "Test", "Test\Test.csproj", "{BB0060C6-28EE-40D4-8F2D-C2BA37345F5C}"
EndProject
Global
	GlobalSection(SolutionConfigurationPlatforms) = preSolution
		Debug|Any CPU = Debug|Any CPU
		Release|Any CPU = Release|Any CPU
	EndGlobalSection
	GlobalSection(ProjectConfigurationPlatforms) = postSolution
		{45C54D4F-FD7A-4FCE-8F61-08E81D27AADA}.Debug|Any CPU.ActiveCfg = Debug|Any CPU
		{45C54D4F-FD7A-4FCE-8F61-08E81D27AADA}.Debug|Any CPU.Build.0 = Debug|Any CPU
		{45C54D4F-FD7A-4FCE-8F61-08E81D27AADA}.Release|Any CPU.ActiveCfg = Release|Any CPU
		{45C54D4F-FD7A-4FCE-8F61-08E81D27AADA}.Release|Any CPU.Build.0 = Release|Any CPU
		{11593F97-A937-43D0-9B0B-2B59656C1CD1}.Debug|Any CPU.ActiveCfg = Debug|Any CPU
		{11593F97-A937-43D0-9B0B-2B59656C1CD1}.Debug|Any CPU.Build.0 = Debug|Any CPU
		{11593F97-A937-43D0-9B0B-2B59656C1CD1}.Release|Any CPU.ActiveCfg = Release|Any CPU
		{11593F97-A937-43D0-9B0B-2B59656C1CD1}.Release|Any CPU.Build.0 = Release|Any CPU
		{BB0060C6-28EE-40D4-8F2D-C2BA37345F5C}.Debug|Any CPU.ActiveCfg = Debug|Any CPU
		{BB0060C6-28EE-40D4-8F2D-C2BA37345F5C}.Debug|Any CPU.Build.0 = Debug|Any CPU
		{BB0060C6-28EE-40D4-8F2D-C2BA37345F5C}.Release|Any CPU.ActiveCfg = Release|Any CPU
		{BB0060C6-28EE-40D4-8F2D-C2BA37345F5C}.Release|Any CPU.Build.0 = Release|Any CPU
	EndGlobalSection
	GlobalSection(SolutionProperties) = preSolution
		HideSolutionNode = FALSE
	EndGlobalSection
	GlobalSection(ExtensibilityGlobals) = postSolution
		SolutionGuid = {9827D741-7E2A-4C03-85AD-4C8FA33E13E7}
	EndGlobalSection
EndGlobal
